
Microsoft Visual Studio Solution File, Format Version 12.00
# Visual Studio Version 17
VisualStudioVersion = 17.0.31903.59
MinimumVisualStudioVersion = 10.0.40219.1
Project("{9A19103F-16F7-4668-BE54-9A1E7A4F7556}") = "Answers", "Answers\Answers.csproj", "{2F1919BF-A070-43F5-8480-5E970295B836}"
EndProject
Project("{9A19103F-16F7-4668-BE54-9A1E7A4F7556}") = "Answers.Tests", "Answers.Tests\Answers.Tests.csproj", "{039D8515-48CC-4624-80B9-B85887CB344B}"
EndProject
Project("{9A19103F-16F7-4668-BE54-9A1E7A4F7556}") = "AnswerGenerator", "AnswerGenerator\AnswerGenerator.csproj", "{5A03D1A6-8D72-4346-9AEA-668FD7E49C09}"
EndProject
Project("{9A19103F-16F7-4668-BE54-9A1E7A4F7556}") = "AnswerConsole", "AnswerConsole\AnswerConsole.csproj", "{8549D173-D76D-470F-8565-4857FD63C3C4}"
EndProject
Project("{9A19103F-16F7-4668-BE54-9A1E7A4F7556}") = "AnswerGeneratorTests", "AnswerGeneratorTests\AnswerGeneratorTests.csproj", "{7295639B-3950-4644-B4B4-7D5AE170B7DC}"
EndProject
Project("{9A19103F-16F7-4668-BE54-9A1E7A4F7556}") = "Answers.Packaging", "Answers.Packaging\Answers.Packaging.csproj", "{4202E683-EBAE-4198-AFE5-ADFD85C95A15}"
EndProject
Global
	GlobalSection(SolutionConfigurationPlatforms) = preSolution
		Debug|Any CPU = Debug|Any CPU
		Release|Any CPU = Release|Any CPU
	EndGlobalSection
	GlobalSection(ProjectConfigurationPlatforms) = postSolution
		{2F1919BF-A070-43F5-8480-5E970295B836}.Debug|Any CPU.ActiveCfg = Debug|Any CPU
		{2F1919BF-A070-43F5-8480-5E970295B836}.Debug|Any CPU.Build.0 = Debug|Any CPU
		{2F1919BF-A070-43F5-8480-5E970295B836}.Release|Any CPU.ActiveCfg = Release|Any CPU
		{2F1919BF-A070-43F5-8480-5E970295B836}.Release|Any CPU.Build.0 = Release|Any CPU
		{039D8515-48CC-4624-80B9-B85887CB344B}.Debug|Any CPU.ActiveCfg = Debug|Any CPU
		{039D8515-48CC-4624-80B9-B85887CB344B}.Debug|Any CPU.Build.0 = Debug|Any CPU
		{039D8515-48CC-4624-80B9-B85887CB344B}.Release|Any CPU.ActiveCfg = Release|Any CPU
		{039D8515-48CC-4624-80B9-B85887CB344B}.Release|Any CPU.Build.0 = Release|Any CPU
		{5A03D1A6-8D72-4346-9AEA-668FD7E49C09}.Debug|Any CPU.ActiveCfg = Debug|Any CPU
		{5A03D1A6-8D72-4346-9AEA-668FD7E49C09}.Debug|Any CPU.Build.0 = Debug|Any CPU
		{5A03D1A6-8D72-4346-9AEA-668FD7E49C09}.Release|Any CPU.ActiveCfg = Release|Any CPU
		{5A03D1A6-8D72-4346-9AEA-668FD7E49C09}.Release|Any CPU.Build.0 = Release|Any CPU
		{8549D173-D76D-470F-8565-4857FD63C3C4}.Debug|Any CPU.ActiveCfg = Debug|Any CPU
		{8549D173-D76D-470F-8565-4857FD63C3C4}.Debug|Any CPU.Build.0 = Debug|Any CPU
		{8549D173-D76D-470F-8565-4857FD63C3C4}.Release|Any CPU.ActiveCfg = Release|Any CPU
		{8549D173-D76D-470F-8565-4857FD63C3C4}.Release|Any CPU.Build.0 = Release|Any CPU
		{7295639B-3950-4644-B4B4-7D5AE170B7DC}.Debug|Any CPU.ActiveCfg = Debug|Any CPU
		{7295639B-3950-4644-B4B4-7D5AE170B7DC}.Debug|Any CPU.Build.0 = Debug|Any CPU
		{7295639B-3950-4644-B4B4-7D5AE170B7DC}.Release|Any CPU.ActiveCfg = Release|Any CPU
		{7295639B-3950-4644-B4B4-7D5AE170B7DC}.Release|Any CPU.Build.0 = Release|Any CPU
		{4202E683-EBAE-4198-AFE5-ADFD85C95A15}.Debug|Any CPU.ActiveCfg = Debug|Any CPU
		{4202E683-EBAE-4198-AFE5-ADFD85C95A15}.Debug|Any CPU.Build.0 = Debug|Any CPU
		{4202E683-EBAE-4198-AFE5-ADFD85C95A15}.Release|Any CPU.ActiveCfg = Release|Any CPU
		{4202E683-EBAE-4198-AFE5-ADFD85C95A15}.Release|Any CPU.Build.0 = Release|Any CPU
	EndGlobalSection
	GlobalSection(SolutionProperties) = preSolution
		HideSolutionNode = FALSE
	EndGlobalSection
EndGlobal
