
Microsoft Visual Studio Solution File, Format Version 12.00
# Visual Studio Version 17
VisualStudioVersion = 17.11.35312.102
MinimumVisualStudioVersion = 10.0.40219.1
Project("{FAE04EC0-301F-11D3-BF4B-00C04F79EFBC}") = "Answers", "Answers.csproj", "{B77306E5-EB0B-4F3C-8043-28FF9C2A1ABC}"
EndProject
Global
	GlobalSection(SolutionConfigurationPlatforms) = preSolution
		Debug|Any CPU = Debug|Any CPU
		Release|Any CPU = Release|Any CPU
	EndGlobalSection
	GlobalSection(ProjectConfigurationPlatforms) = postSolution
		{B77306E5-EB0B-4F3C-8043-28FF9C2A1ABC}.Debug|Any CPU.ActiveCfg = Debug|Any CPU
		{B77306E5-EB0B-4F3C-8043-28FF9C2A1ABC}.Debug|Any CPU.Build.0 = Debug|Any CPU
		{B77306E5-EB0B-4F3C-8043-28FF9C2A1ABC}.Release|Any CPU.ActiveCfg = Release|Any CPU
		{B77306E5-EB0B-4F3C-8043-28FF9C2A1ABC}.Release|Any CPU.Build.0 = Release|Any CPU
	EndGlobalSection
	GlobalSection(SolutionProperties) = preSolution
		HideSolutionNode = FALSE
	EndGlobalSection
	GlobalSection(ExtensibilityGlobals) = postSolution
		SolutionGuid = {35AF0381-DDCA-4A1F-9381-392C4F0CC716}
	EndGlobalSection
EndGlobal
